
Microsoft Visual Studio Solution File, Format Version 12.00
# Visual Studio Version 17
VisualStudioVersion = 17.4.33213.308
MinimumVisualStudioVersion = 10.0.40219.1
Project("{FAE04EC0-301F-11D3-BF4B-00C04F79EFBC}") = "fundamentals of c sharp", "fundamentals of c sharp\fundamentals of c sharp.csproj", "{ADBF4817-C597-4BB3-ABE4-143E508DDDDD}"
EndProject
Global
	GlobalSection(SolutionConfigurationPlatforms) = preSolution
		Debug|Any CPU = Debug|Any CPU
		Release|Any CPU = Release|Any CPU
	EndGlobalSection
	GlobalSection(ProjectConfigurationPlatforms) = postSolution
		{ADBF4817-C597-4BB3-ABE4-143E508DDDDD}.Debug|Any CPU.ActiveCfg = Debug|Any CPU
		{ADBF4817-C597-4BB3-ABE4-143E508DDDDD}.Debug|Any CPU.Build.0 = Debug|Any CPU
		{ADBF4817-C597-4BB3-ABE4-143E508DDDDD}.Release|Any CPU.ActiveCfg = Release|Any CPU
		{ADBF4817-C597-4BB3-ABE4-143E508DDDDD}.Release|Any CPU.Build.0 = Release|Any CPU
	EndGlobalSection
	GlobalSection(SolutionProperties) = preSolution
		HideSolutionNode = FALSE
	EndGlobalSection
	GlobalSection(ExtensibilityGlobals) = postSolution
		SolutionGuid = {6BA4AAC3-834B-4AB8-8775-3C923A71B3A0}
	EndGlobalSection
EndGlobal
