
Microsoft Visual Studio Solution File, Format Version 12.00
# Visual Studio Version 17
VisualStudioVersion = 17.4.33403.182
MinimumVisualStudioVersion = 10.0.40219.1
Project("{FAE04EC0-301F-11D3-BF4B-00C04F79EFBC}") = "FullStack.API", "FullStack.API\FullStack.API.csproj", "{87F52429-371B-49E8-9AD5-78F977F667A5}"
EndProject
Global
	GlobalSection(SolutionConfigurationPlatforms) = preSolution
		Debug|Any CPU = Debug|Any CPU
		Release|Any CPU = Release|Any CPU
	EndGlobalSection
	GlobalSection(ProjectConfigurationPlatforms) = postSolution
		{87F52429-371B-49E8-9AD5-78F977F667A5}.Debug|Any CPU.ActiveCfg = Debug|Any CPU
		{87F52429-371B-49E8-9AD5-78F977F667A5}.Debug|Any CPU.Build.0 = Debug|Any CPU
		{87F52429-371B-49E8-9AD5-78F977F667A5}.Release|Any CPU.ActiveCfg = Release|Any CPU
		{87F52429-371B-49E8-9AD5-78F977F667A5}.Release|Any CPU.Build.0 = Release|Any CPU
	EndGlobalSection
	GlobalSection(SolutionProperties) = preSolution
		HideSolutionNode = FALSE
	EndGlobalSection
	GlobalSection(ExtensibilityGlobals) = postSolution
		SolutionGuid = {293DE006-C545-4FD3-810D-F1E803849FE0}
	EndGlobalSection
EndGlobal
