
Microsoft Visual Studio Solution File, Format Version 12.00
# Visual Studio Version 17
VisualStudioVersion = 17.4.33213.308
MinimumVisualStudioVersion = 10.0.40219.1
Project("{FAE04EC0-301F-11D3-BF4B-00C04F79EFBC}") = "LIPDemo", "LIPDemo\LIPDemo.csproj", "{DFF56D7A-EB5C-4E01-B34B-4BC3853EC2FD}"
EndProject
Global
	GlobalSection(SolutionConfigurationPlatforms) = preSolution
		Debug|Any CPU = Debug|Any CPU
		Release|Any CPU = Release|Any CPU
	EndGlobalSection
	GlobalSection(ProjectConfigurationPlatforms) = postSolution
		{DFF56D7A-EB5C-4E01-B34B-4BC3853EC2FD}.Debug|Any CPU.ActiveCfg = Debug|Any CPU
		{DFF56D7A-EB5C-4E01-B34B-4BC3853EC2FD}.Debug|Any CPU.Build.0 = Debug|Any CPU
		{DFF56D7A-EB5C-4E01-B34B-4BC3853EC2FD}.Release|Any CPU.ActiveCfg = Release|Any CPU
		{DFF56D7A-EB5C-4E01-B34B-4BC3853EC2FD}.Release|Any CPU.Build.0 = Release|Any CPU
	EndGlobalSection
	GlobalSection(SolutionProperties) = preSolution
		HideSolutionNode = FALSE
	EndGlobalSection
	GlobalSection(ExtensibilityGlobals) = postSolution
		SolutionGuid = {4DD6FED5-9497-45FF-BD54-AF67E49AABF0}
	EndGlobalSection
EndGlobal
