
Microsoft Visual Studio Solution File, Format Version 12.00
# Visual Studio Version 17
VisualStudioVersion = 17.4.33213.308
MinimumVisualStudioVersion = 10.0.40219.1
Project("{FAE04EC0-301F-11D3-BF4B-00C04F79EFBC}") = "ACM.BL", "ACM.BL\ACM.BL.csproj", "{F80A8534-76D2-4556-8B85-61983A711581}"
EndProject
Project("{2150E333-8FDC-42A3-9474-1A3956D46DE8}") = "Tests", "Tests", "{3FC9C5C3-2C01-436F-91C5-AC161E9F334C}"
EndProject
Project("{FAE04EC0-301F-11D3-BF4B-00C04F79EFBC}") = "UnitTestProject1", "UnitTestProject1\UnitTestProject1.csproj", "{658DFFAD-4DB9-4415-83B6-9E8AF772A80C}"
EndProject
Global
	GlobalSection(SolutionConfigurationPlatforms) = preSolution
		Debug|Any CPU = Debug|Any CPU
		Release|Any CPU = Release|Any CPU
	EndGlobalSection
	GlobalSection(ProjectConfigurationPlatforms) = postSolution
		{F80A8534-76D2-4556-8B85-61983A711581}.Debug|Any CPU.ActiveCfg = Debug|Any CPU
		{F80A8534-76D2-4556-8B85-61983A711581}.Debug|Any CPU.Build.0 = Debug|Any CPU
		{F80A8534-76D2-4556-8B85-61983A711581}.Release|Any CPU.ActiveCfg = Release|Any CPU
		{F80A8534-76D2-4556-8B85-61983A711581}.Release|Any CPU.Build.0 = Release|Any CPU
		{658DFFAD-4DB9-4415-83B6-9E8AF772A80C}.Debug|Any CPU.ActiveCfg = Debug|Any CPU
		{658DFFAD-4DB9-4415-83B6-9E8AF772A80C}.Debug|Any CPU.Build.0 = Debug|Any CPU
		{658DFFAD-4DB9-4415-83B6-9E8AF772A80C}.Release|Any CPU.ActiveCfg = Release|Any CPU
		{658DFFAD-4DB9-4415-83B6-9E8AF772A80C}.Release|Any CPU.Build.0 = Release|Any CPU
	EndGlobalSection
	GlobalSection(SolutionProperties) = preSolution
		HideSolutionNode = FALSE
	EndGlobalSection
	GlobalSection(NestedProjects) = preSolution
		{658DFFAD-4DB9-4415-83B6-9E8AF772A80C} = {3FC9C5C3-2C01-436F-91C5-AC161E9F334C}
	EndGlobalSection
	GlobalSection(ExtensibilityGlobals) = postSolution
		SolutionGuid = {C707FB9F-1526-4265-A876-12616671ED16}
	EndGlobalSection
EndGlobal
